
Microsoft Visual Studio Solution File, Format Version 12.00
# Visual Studio Version 17
VisualStudioVersion = 17.2.32526.322
MinimumVisualStudioVersion = 10.0.40219.1
Project("{FAE04EC0-301F-11D3-BF4B-00C04F79EFBC}") = "СourseworkPatterns", "СourseworkPatterns\СourseworkPatterns.csproj", "{D43597BF-FC0A-48C6-9714-EC8C0FFA5C36}"
EndProject
Global
	GlobalSection(SolutionConfigurationPlatforms) = preSolution
		Debug|Any CPU = Debug|Any CPU
		Release|Any CPU = Release|Any CPU
	EndGlobalSection
	GlobalSection(ProjectConfigurationPlatforms) = postSolution
		{D43597BF-FC0A-48C6-9714-EC8C0FFA5C36}.Debug|Any CPU.ActiveCfg = Debug|Any CPU
		{D43597BF-FC0A-48C6-9714-EC8C0FFA5C36}.Debug|Any CPU.Build.0 = Debug|Any CPU
		{D43597BF-FC0A-48C6-9714-EC8C0FFA5C36}.Release|Any CPU.ActiveCfg = Release|Any CPU
		{D43597BF-FC0A-48C6-9714-EC8C0FFA5C36}.Release|Any CPU.Build.0 = Release|Any CPU
	EndGlobalSection
	GlobalSection(SolutionProperties) = preSolution
		HideSolutionNode = FALSE
	EndGlobalSection
	GlobalSection(ExtensibilityGlobals) = postSolution
		SolutionGuid = {85362BC5-1E9D-4D62-A60B-D2E9E2933608}
	EndGlobalSection
EndGlobal
